
Microsoft Visual Studio Solution File, Format Version 12.00
# Visual Studio 15
VisualStudioVersion = 15.0.28307.572
MinimumVisualStudioVersion = 10.0.40219.1
Project("{FAE04EC0-301F-11D3-BF4B-00C04F79EFBC}") = "NoPipeline", "NoPipeline\NoPipeline.csproj", "{126869BE-CEE7-4D02-870B-D9AA9E29845D}"
EndProject
Global
	GlobalSection(SolutionConfigurationPlatforms) = preSolution
		Debug|Any CPU = Debug|Any CPU
		Release|Any CPU = Release|Any CPU
	EndGlobalSection
	GlobalSection(ProjectConfigurationPlatforms) = postSolution
		{126869BE-CEE7-4D02-870B-D9AA9E29845D}.Debug|Any CPU.ActiveCfg = Debug|Any CPU
		{126869BE-CEE7-4D02-870B-D9AA9E29845D}.Debug|Any CPU.Build.0 = Debug|Any CPU
		{126869BE-CEE7-4D02-870B-D9AA9E29845D}.Release|Any CPU.ActiveCfg = Release|Any CPU
		{126869BE-CEE7-4D02-870B-D9AA9E29845D}.Release|Any CPU.Build.0 = Release|Any CPU
	EndGlobalSection
	GlobalSection(SolutionProperties) = preSolution
		HideSolutionNode = FALSE
	EndGlobalSection
	GlobalSection(ExtensibilityGlobals) = postSolution
		SolutionGuid = {DE77769A-2D97-40AD-8F62-9C8471F81EEC}
	EndGlobalSection
EndGlobal
